// !$*UTF8*$!
{
	archiveVersion = 1;
	classes = {
	};
	objectVersion = 50;
	objects = {

/* Begin PBXBuildFile section */
		4930C3FA21300CAD00709D40 /* AppDelegate.swift in Sources */ = {isa = PBXBuildFile; fileRef = 4930C3F921300CAD00709D40 /* AppDelegate.swift */; };
		4930C3FC21300CAF00709D40 /* Assets.xcassets in Resources */ = {isa = PBXBuildFile; fileRef = 4930C3FB21300CAF00709D40 /* Assets.xcassets */; };
		4930C3FF21300CAF00709D40 /* MainMenu.xib in Resources */ = {isa = PBXBuildFile; fileRef = 4930C3FD21300CAF00709D40 /* MainMenu.xib */; };
		4930C40B21300CAF00709D40 /* SwiftModelGeneratorTests.swift in Sources */ = {isa = PBXBuildFile; fileRef = 4930C40A21300CAF00709D40 /* SwiftModelGeneratorTests.swift */; };
		4930C41B21300F3A00709D40 /* BaseRouter.swift in Sources */ = {isa = PBXBuildFile; fileRef = 4930C41A21300F3A00709D40 /* BaseRouter.swift */; };
		4930C41E21300F6400709D40 /* ViewRouter.swift in Sources */ = {isa = PBXBuildFile; fileRef = 4930C41D21300F6400709D40 /* ViewRouter.swift */; };
		4930C42021300F8000709D40 /* ViewTransitionAnimation.swift in Sources */ = {isa = PBXBuildFile; fileRef = 4930C41F21300F8000709D40 /* ViewTransitionAnimation.swift */; };
		4930C42321300FC600709D40 /* BaseVC.swift in Sources */ = {isa = PBXBuildFile; fileRef = 4930C42221300FC600709D40 /* BaseVC.swift */; };
		4930C42521300FE300709D40 /* BasePresenter.swift in Sources */ = {isa = PBXBuildFile; fileRef = 4930C42421300FE300709D40 /* BasePresenter.swift */; };
		4930C42A2130103400709D40 /* MainVC.swift in Sources */ = {isa = PBXBuildFile; fileRef = 4930C4282130103400709D40 /* MainVC.swift */; };
		4930C42B2130103400709D40 /* MainVC.xib in Resources */ = {isa = PBXBuildFile; fileRef = 4930C4292130103400709D40 /* MainVC.xib */; };
		4930C42E2130115700709D40 /* NSView+Animation.swift in Sources */ = {isa = PBXBuildFile; fileRef = 4930C42D2130115700709D40 /* NSView+Animation.swift */; };
		4930C4302130125F00709D40 /* MainWindow.swift in Sources */ = {isa = PBXBuildFile; fileRef = 4930C42F2130125F00709D40 /* MainWindow.swift */; };
		4930C435213016E400709D40 /* IndentableOutput.swift in Sources */ = {isa = PBXBuildFile; fileRef = 4930C434213016E400709D40 /* IndentableOutput.swift */; };
		4930C437213022A100709D40 /* SwiftyJSON.swift in Sources */ = {isa = PBXBuildFile; fileRef = 4930C436213022A100709D40 /* SwiftyJSON.swift */; };
		4930C4392131CCA700709D40 /* VariableType.swift in Sources */ = {isa = PBXBuildFile; fileRef = 4930C4382131CCA700709D40 /* VariableType.swift */; };
		4930C43B2132CF6400709D40 /* ModelGenerator.swift in Sources */ = {isa = PBXBuildFile; fileRef = 4930C43A2132CF6400709D40 /* ModelGenerator.swift */; };
		4930C43E213331DC00709D40 /* Data+Dictionary.swift in Sources */ = {isa = PBXBuildFile; fileRef = 4930C43D213331DC00709D40 /* Data+Dictionary.swift */; };
		4930C4402133327E00709D40 /* MainPresenter.swift in Sources */ = {isa = PBXBuildFile; fileRef = 4930C43F2133327E00709D40 /* MainPresenter.swift */; };
		4930C4422133329D00709D40 /* MainMvpView.swift in Sources */ = {isa = PBXBuildFile; fileRef = 4930C4412133329D00709D40 /* MainMvpView.swift */; };
		4930C4442133370A00709D40 /* NSView+Decorator.swift in Sources */ = {isa = PBXBuildFile; fileRef = 4930C4432133370A00709D40 /* NSView+Decorator.swift */; };
		4930C4472133373500709D40 /* NSWindow+Style.swift in Sources */ = {isa = PBXBuildFile; fileRef = 4930C4462133373500709D40 /* NSWindow+Style.swift */; };
		4930C4492133383C00709D40 /* NSTextFIeld+Style.swift in Sources */ = {isa = PBXBuildFile; fileRef = 4930C4482133383C00709D40 /* NSTextFIeld+Style.swift */; };
		4930C44B2133388500709D40 /* NSView+Style.swift in Sources */ = {isa = PBXBuildFile; fileRef = 4930C44A2133388500709D40 /* NSView+Style.swift */; };
		4930C44F21333C9300709D40 /* NSTextView+Style.swift in Sources */ = {isa = PBXBuildFile; fileRef = 4930C44E21333C9300709D40 /* NSTextView+Style.swift */; };
		4930C4512133431200709D40 /* NSAttributedString+Style.swift in Sources */ = {isa = PBXBuildFile; fileRef = 4930C4502133431200709D40 /* NSAttributedString+Style.swift */; };
		49F0AAC62138468600633D9C /* NSColor+App.swift in Sources */ = {isa = PBXBuildFile; fileRef = 49F0AAC52138468600633D9C /* NSColor+App.swift */; };
		49F0AAC8213846CA00633D9C /* NSColor+Hex.swift in Sources */ = {isa = PBXBuildFile; fileRef = 49F0AAC7213846CA00633D9C /* NSColor+Hex.swift */; };
		49F0AACA2138473000633D9C /* String+Index.swift in Sources */ = {isa = PBXBuildFile; fileRef = 49F0AAC92138473000633D9C /* String+Index.swift */; };
		49F0AACC21384A9600633D9C /* NSButton+Style.swift in Sources */ = {isa = PBXBuildFile; fileRef = 49F0AACB21384A9600633D9C /* NSButton+Style.swift */; };
		49F0AAD22139440C00633D9C /* String+SwiftableKey.swift in Sources */ = {isa = PBXBuildFile; fileRef = 49F0AAD12139440C00633D9C /* String+SwiftableKey.swift */; };
/* End PBXBuildFile section */

/* Begin PBXContainerItemProxy section */
		4930C40721300CAF00709D40 /* PBXContainerItemProxy */ = {
			isa = PBXContainerItemProxy;
			containerPortal = 4930C3EE21300CAD00709D40 /* Project object */;
			proxyType = 1;
			remoteGlobalIDString = 4930C3F521300CAD00709D40;
			remoteInfo = SwiftModelGenerator;
		};
/* End PBXContainerItemProxy section */

/* Begin PBXFileReference section */
		4930C3F621300CAD00709D40 /* SwiftModelGenerator.app */ = {isa = PBXFileReference; explicitFileType = wrapper.application; includeInIndex = 0; path = SwiftModelGenerator.app; sourceTree = BUILT_PRODUCTS_DIR; };
		4930C3F921300CAD00709D40 /* AppDelegate.swift */ = {isa = PBXFileReference; lastKnownFileType = sourcecode.swift; path = AppDelegate.swift; sourceTree = "<group>"; };
		4930C3FB21300CAF00709D40 /* Assets.xcassets */ = {isa = PBXFileReference; lastKnownFileType = folder.assetcatalog; path = Assets.xcassets; sourceTree = "<group>"; };
		4930C3FE21300CAF00709D40 /* Base */ = {isa = PBXFileReference; lastKnownFileType = file.xib; name = Base; path = Base.lproj/MainMenu.xib; sourceTree = "<group>"; };
		4930C40021300CAF00709D40 /* Info.plist */ = {isa = PBXFileReference; lastKnownFileType = text.plist.xml; path = Info.plist; sourceTree = "<group>"; };
		4930C40121300CAF00709D40 /* SwiftModelGenerator.entitlements */ = {isa = PBXFileReference; lastKnownFileType = text.plist.entitlements; path = SwiftModelGenerator.entitlements; sourceTree = "<group>"; };
		4930C40621300CAF00709D40 /* SwiftModelGeneratorTests.xctest */ = {isa = PBXFileReference; explicitFileType = wrapper.cfbundle; includeInIndex = 0; path = SwiftModelGeneratorTests.xctest; sourceTree = BUILT_PRODUCTS_DIR; };
		4930C40A21300CAF00709D40 /* SwiftModelGeneratorTests.swift */ = {isa = PBXFileReference; lastKnownFileType = sourcecode.swift; path = SwiftModelGeneratorTests.swift; sourceTree = "<group>"; };
		4930C40C21300CAF00709D40 /* Info.plist */ = {isa = PBXFileReference; lastKnownFileType = text.plist.xml; path = Info.plist; sourceTree = "<group>"; };
		4930C41A21300F3A00709D40 /* BaseRouter.swift */ = {isa = PBXFileReference; lastKnownFileType = sourcecode.swift; path = BaseRouter.swift; sourceTree = "<group>"; };
		4930C41D21300F6400709D40 /* ViewRouter.swift */ = {isa = PBXFileReference; lastKnownFileType = sourcecode.swift; path = ViewRouter.swift; sourceTree = "<group>"; };
		4930C41F21300F8000709D40 /* ViewTransitionAnimation.swift */ = {isa = PBXFileReference; lastKnownFileType = sourcecode.swift; path = ViewTransitionAnimation.swift; sourceTree = "<group>"; };
		4930C42221300FC600709D40 /* BaseVC.swift */ = {isa = PBXFileReference; lastKnownFileType = sourcecode.swift; path = BaseVC.swift; sourceTree = "<group>"; };
		4930C42421300FE300709D40 /* BasePresenter.swift */ = {isa = PBXFileReference; lastKnownFileType = sourcecode.swift; path = BasePresenter.swift; sourceTree = "<group>"; };
		4930C4282130103400709D40 /* MainVC.swift */ = {isa = PBXFileReference; lastKnownFileType = sourcecode.swift; path = MainVC.swift; sourceTree = "<group>"; };
		4930C4292130103400709D40 /* MainVC.xib */ = {isa = PBXFileReference; lastKnownFileType = file.xib; path = MainVC.xib; sourceTree = "<group>"; };
		4930C42D2130115700709D40 /* NSView+Animation.swift */ = {isa = PBXFileReference; lastKnownFileType = sourcecode.swift; path = "NSView+Animation.swift"; sourceTree = "<group>"; };
		4930C42F2130125F00709D40 /* MainWindow.swift */ = {isa = PBXFileReference; lastKnownFileType = sourcecode.swift; path = MainWindow.swift; sourceTree = "<group>"; };
		4930C434213016E400709D40 /* IndentableOutput.swift */ = {isa = PBXFileReference; lastKnownFileType = sourcecode.swift; path = IndentableOutput.swift; sourceTree = "<group>"; };
		4930C436213022A100709D40 /* SwiftyJSON.swift */ = {isa = PBXFileReference; lastKnownFileType = sourcecode.swift; path = SwiftyJSON.swift; sourceTree = "<group>"; };
		4930C4382131CCA700709D40 /* VariableType.swift */ = {isa = PBXFileReference; lastKnownFileType = sourcecode.swift; path = VariableType.swift; sourceTree = "<group>"; };
		4930C43A2132CF6400709D40 /* ModelGenerator.swift */ = {isa = PBXFileReference; lastKnownFileType = sourcecode.swift; path = ModelGenerator.swift; sourceTree = "<group>"; };
		4930C43D213331DC00709D40 /* Data+Dictionary.swift */ = {isa = PBXFileReference; lastKnownFileType = sourcecode.swift; path = "Data+Dictionary.swift"; sourceTree = "<group>"; };
		4930C43F2133327E00709D40 /* MainPresenter.swift */ = {isa = PBXFileReference; lastKnownFileType = sourcecode.swift; path = MainPresenter.swift; sourceTree = "<group>"; };
		4930C4412133329D00709D40 /* MainMvpView.swift */ = {isa = PBXFileReference; lastKnownFileType = sourcecode.swift; path = MainMvpView.swift; sourceTree = "<group>"; };
		4930C4432133370A00709D40 /* NSView+Decorator.swift */ = {isa = PBXFileReference; lastKnownFileType = sourcecode.swift; path = "NSView+Decorator.swift"; sourceTree = "<group>"; };
		4930C4462133373500709D40 /* NSWindow+Style.swift */ = {isa = PBXFileReference; lastKnownFileType = sourcecode.swift; path = "NSWindow+Style.swift"; sourceTree = "<group>"; };
		4930C4482133383C00709D40 /* NSTextFIeld+Style.swift */ = {isa = PBXFileReference; lastKnownFileType = sourcecode.swift; path = "NSTextFIeld+Style.swift"; sourceTree = "<group>"; };
		4930C44A2133388500709D40 /* NSView+Style.swift */ = {isa = PBXFileReference; lastKnownFileType = sourcecode.swift; path = "NSView+Style.swift"; sourceTree = "<group>"; };
		4930C44E21333C9300709D40 /* NSTextView+Style.swift */ = {isa = PBXFileReference; lastKnownFileType = sourcecode.swift; path = "NSTextView+Style.swift"; sourceTree = "<group>"; };
		4930C4502133431200709D40 /* NSAttributedString+Style.swift */ = {isa = PBXFileReference; lastKnownFileType = sourcecode.swift; path = "NSAttributedString+Style.swift"; sourceTree = "<group>"; };
		49F0AAC52138468600633D9C /* NSColor+App.swift */ = {isa = PBXFileReference; lastKnownFileType = sourcecode.swift; path = "NSColor+App.swift"; sourceTree = "<group>"; };
		49F0AAC7213846CA00633D9C /* NSColor+Hex.swift */ = {isa = PBXFileReference; lastKnownFileType = sourcecode.swift; path = "NSColor+Hex.swift"; sourceTree = "<group>"; };
		49F0AAC92138473000633D9C /* String+Index.swift */ = {isa = PBXFileReference; lastKnownFileType = sourcecode.swift; path = "String+Index.swift"; sourceTree = "<group>"; };
		49F0AACB21384A9600633D9C /* NSButton+Style.swift */ = {isa = PBXFileReference; lastKnownFileType = sourcecode.swift; path = "NSButton+Style.swift"; sourceTree = "<group>"; };
		49F0AAD12139440C00633D9C /* String+SwiftableKey.swift */ = {isa = PBXFileReference; lastKnownFileType = sourcecode.swift; path = "String+SwiftableKey.swift"; sourceTree = "<group>"; };
/* End PBXFileReference section */

/* Begin PBXFrameworksBuildPhase section */
		4930C3F321300CAD00709D40 /* Frameworks */ = {
			isa = PBXFrameworksBuildPhase;
			buildActionMask = 2147483647;
			files = (
			);
			runOnlyForDeploymentPostprocessing = 0;
		};
		4930C40321300CAF00709D40 /* Frameworks */ = {
			isa = PBXFrameworksBuildPhase;
			buildActionMask = 2147483647;
			files = (
			);
			runOnlyForDeploymentPostprocessing = 0;
		};
/* End PBXFrameworksBuildPhase section */

/* Begin PBXGroup section */
		4930C3ED21300CAD00709D40 = {
			isa = PBXGroup;
			children = (
				4930C3F821300CAD00709D40 /* SwiftModelGenerator */,
				4930C40921300CAF00709D40 /* SwiftModelGeneratorTests */,
				4930C3F721300CAD00709D40 /* Products */,
			);
			sourceTree = "<group>";
		};
		4930C3F721300CAD00709D40 /* Products */ = {
			isa = PBXGroup;
			children = (
				4930C3F621300CAD00709D40 /* SwiftModelGenerator.app */,
				4930C40621300CAF00709D40 /* SwiftModelGeneratorTests.xctest */,
			);
			name = Products;
			sourceTree = "<group>";
		};
		4930C3F821300CAD00709D40 /* SwiftModelGenerator */ = {
			isa = PBXGroup;
			children = (
				4930C41521300CBB00709D40 /* app */,
				4930C431213013C300709D40 /* services */,
				4930C41721300CDD00709D40 /* ui */,
				4930C41621300CC800709D40 /* resources */,
			);
			path = SwiftModelGenerator;
			sourceTree = "<group>";
		};
		4930C40921300CAF00709D40 /* SwiftModelGeneratorTests */ = {
			isa = PBXGroup;
			children = (
				4930C40A21300CAF00709D40 /* SwiftModelGeneratorTests.swift */,
				4930C40C21300CAF00709D40 /* Info.plist */,
			);
			path = SwiftModelGeneratorTests;
			sourceTree = "<group>";
		};
		4930C41521300CBB00709D40 /* app */ = {
			isa = PBXGroup;
			children = (
				4930C40021300CAF00709D40 /* Info.plist */,
				4930C40121300CAF00709D40 /* SwiftModelGenerator.entitlements */,
				4930C3F921300CAD00709D40 /* AppDelegate.swift */,
			);
			path = app;
			sourceTree = "<group>";
		};
		4930C41621300CC800709D40 /* resources */ = {
			isa = PBXGroup;
			children = (
				4930C3FB21300CAF00709D40 /* Assets.xcassets */,
			);
			path = resources;
			sourceTree = "<group>";
		};
		4930C41721300CDD00709D40 /* ui */ = {
			isa = PBXGroup;
			children = (
				4930C42121300FA700709D40 /* common */,
				4930C4262130100600709D40 /* modules */,
				4930C43C213331C800709D40 /* utils */,
				4930C41821300CE500709D40 /* window */,
			);
			path = ui;
			sourceTree = "<group>";
		};
		4930C41821300CE500709D40 /* window */ = {
			isa = PBXGroup;
			children = (
				4930C3FD21300CAF00709D40 /* MainMenu.xib */,
				4930C42F2130125F00709D40 /* MainWindow.swift */,
			);
			path = window;
			sourceTree = "<group>";
		};
		4930C41921300F2E00709D40 /* router */ = {
			isa = PBXGroup;
			children = (
				4930C41A21300F3A00709D40 /* BaseRouter.swift */,
				4930C41D21300F6400709D40 /* ViewRouter.swift */,
				4930C41F21300F8000709D40 /* ViewTransitionAnimation.swift */,
			);
			path = router;
			sourceTree = "<group>";
		};
		4930C42121300FA700709D40 /* common */ = {
			isa = PBXGroup;
			children = (
				4930C4452133371800709D40 /* style */,
				4930C42C2130112A00709D40 /* animation */,
				4930C41921300F2E00709D40 /* router */,
				4930C42221300FC600709D40 /* BaseVC.swift */,
				4930C42421300FE300709D40 /* BasePresenter.swift */,
			);
			path = common;
			sourceTree = "<group>";
		};
		4930C4262130100600709D40 /* modules */ = {
			isa = PBXGroup;
			children = (
				4930C4272130101A00709D40 /* main */,
			);
			path = modules;
			sourceTree = "<group>";
		};
		4930C4272130101A00709D40 /* main */ = {
			isa = PBXGroup;
			children = (
				4930C4292130103400709D40 /* MainVC.xib */,
				4930C4282130103400709D40 /* MainVC.swift */,
				4930C43F2133327E00709D40 /* MainPresenter.swift */,
				4930C4412133329D00709D40 /* MainMvpView.swift */,
			);
			path = main;
			sourceTree = "<group>";
		};
		4930C42C2130112A00709D40 /* animation */ = {
			isa = PBXGroup;
			children = (
				4930C42D2130115700709D40 /* NSView+Animation.swift */,
			);
			path = animation;
			sourceTree = "<group>";
		};
		4930C431213013C300709D40 /* services */ = {
			isa = PBXGroup;
			children = (
				4930C4382131CCA700709D40 /* VariableType.swift */,
				4930C434213016E400709D40 /* IndentableOutput.swift */,
				4930C436213022A100709D40 /* SwiftyJSON.swift */,
				4930C43A2132CF6400709D40 /* ModelGenerator.swift */,
				49F0AAD12139440C00633D9C /* String+SwiftableKey.swift */,
			);
			path = services;
			sourceTree = "<group>";
		};
		4930C43C213331C800709D40 /* utils */ = {
			isa = PBXGroup;
			children = (
				4930C43D213331DC00709D40 /* Data+Dictionary.swift */,
				49F0AAC92138473000633D9C /* String+Index.swift */,
			);
			path = utils;
			sourceTree = "<group>";
		};
		4930C4452133371800709D40 /* style */ = {
			isa = PBXGroup;
			children = (
				4930C4432133370A00709D40 /* NSView+Decorator.swift */,
				4930C4462133373500709D40 /* NSWindow+Style.swift */,
				4930C44A2133388500709D40 /* NSView+Style.swift */,
				4930C4482133383C00709D40 /* NSTextFIeld+Style.swift */,
				4930C44E21333C9300709D40 /* NSTextView+Style.swift */,
				4930C4502133431200709D40 /* NSAttributedString+Style.swift */,
				49F0AAC52138468600633D9C /* NSColor+App.swift */,
				49F0AAC7213846CA00633D9C /* NSColor+Hex.swift */,
				49F0AACB21384A9600633D9C /* NSButton+Style.swift */,
			);
			path = style;
			sourceTree = "<group>";
		};
/* End PBXGroup section */

/* Begin PBXNativeTarget section */
		4930C3F521300CAD00709D40 /* SwiftModelGenerator */ = {
			isa = PBXNativeTarget;
			buildConfigurationList = 4930C40F21300CAF00709D40 /* Build configuration list for PBXNativeTarget "SwiftModelGenerator" */;
			buildPhases = (
				4930C3F221300CAD00709D40 /* Sources */,
				4930C3F321300CAD00709D40 /* Frameworks */,
				4930C3F421300CAD00709D40 /* Resources */,
			);
			buildRules = (
			);
			dependencies = (
			);
			name = SwiftModelGenerator;
			productName = SwiftModelGenerator;
			productReference = 4930C3F621300CAD00709D40 /* SwiftModelGenerator.app */;
			productType = "com.apple.product-type.application";
		};
		4930C40521300CAF00709D40 /* SwiftModelGeneratorTests */ = {
			isa = PBXNativeTarget;
			buildConfigurationList = 4930C41221300CAF00709D40 /* Build configuration list for PBXNativeTarget "SwiftModelGeneratorTests" */;
			buildPhases = (
				4930C40221300CAF00709D40 /* Sources */,
				4930C40321300CAF00709D40 /* Frameworks */,
				4930C40421300CAF00709D40 /* Resources */,
			);
			buildRules = (
			);
			dependencies = (
				4930C40821300CAF00709D40 /* PBXTargetDependency */,
			);
			name = SwiftModelGeneratorTests;
			productName = SwiftModelGeneratorTests;
			productReference = 4930C40621300CAF00709D40 /* SwiftModelGeneratorTests.xctest */;
			productType = "com.apple.product-type.bundle.unit-test";
		};
/* End PBXNativeTarget section */

/* Begin PBXProject section */
		4930C3EE21300CAD00709D40 /* Project object */ = {
			isa = PBXProject;
			attributes = {
				LastSwiftUpdateCheck = 0940;
				LastUpgradeCheck = 0940;
				ORGANIZATIONNAME = rodmytro;
				TargetAttributes = {
					4930C3F521300CAD00709D40 = {
						CreatedOnToolsVersion = 9.4.1;
					};
					4930C40521300CAF00709D40 = {
						CreatedOnToolsVersion = 9.4.1;
						TestTargetID = 4930C3F521300CAD00709D40;
					};
				};
			};
			buildConfigurationList = 4930C3F121300CAD00709D40 /* Build configuration list for PBXProject "SwiftModelGenerator" */;
			compatibilityVersion = "Xcode 9.3";
			developmentRegion = en;
			hasScannedForEncodings = 0;
			knownRegions = (
				en,
				Base,
			);
			mainGroup = 4930C3ED21300CAD00709D40;
			productRefGroup = 4930C3F721300CAD00709D40 /* Products */;
			projectDirPath = "";
			projectRoot = "";
			targets = (
				4930C3F521300CAD00709D40 /* SwiftModelGenerator */,
				4930C40521300CAF00709D40 /* SwiftModelGeneratorTests */,
			);
		};
/* End PBXProject section */

/* Begin PBXResourcesBuildPhase section */
		4930C3F421300CAD00709D40 /* Resources */ = {
			isa = PBXResourcesBuildPhase;
			buildActionMask = 2147483647;
			files = (
				4930C42B2130103400709D40 /* MainVC.xib in Resources */,
				4930C3FC21300CAF00709D40 /* Assets.xcassets in Resources */,
				4930C3FF21300CAF00709D40 /* MainMenu.xib in Resources */,
			);
			runOnlyForDeploymentPostprocessing = 0;
		};
		4930C40421300CAF00709D40 /* Resources */ = {
			isa = PBXResourcesBuildPhase;
			buildActionMask = 2147483647;
			files = (
			);
			runOnlyForDeploymentPostprocessing = 0;
		};
/* End PBXResourcesBuildPhase section */

/* Begin PBXSourcesBuildPhase section */
		4930C3F221300CAD00709D40 /* Sources */ = {
			isa = PBXSourcesBuildPhase;
			buildActionMask = 2147483647;
			files = (
				4930C44F21333C9300709D40 /* NSTextView+Style.swift in Sources */,
				4930C42E2130115700709D40 /* NSView+Animation.swift in Sources */,
				4930C4302130125F00709D40 /* MainWindow.swift in Sources */,
				49F0AAC62138468600633D9C /* NSColor+App.swift in Sources */,
				49F0AACC21384A9600633D9C /* NSButton+Style.swift in Sources */,
				49F0AAC8213846CA00633D9C /* NSColor+Hex.swift in Sources */,
				4930C435213016E400709D40 /* IndentableOutput.swift in Sources */,
				4930C4392131CCA700709D40 /* VariableType.swift in Sources */,
				4930C437213022A100709D40 /* SwiftyJSON.swift in Sources */,
				4930C4492133383C00709D40 /* NSTextFIeld+Style.swift in Sources */,
				4930C41E21300F6400709D40 /* ViewRouter.swift in Sources */,
				4930C4472133373500709D40 /* NSWindow+Style.swift in Sources */,
				4930C43B2132CF6400709D40 /* ModelGenerator.swift in Sources */,
				4930C43E213331DC00709D40 /* Data+Dictionary.swift in Sources */,
				4930C42521300FE300709D40 /* BasePresenter.swift in Sources */,
				4930C3FA21300CAD00709D40 /* AppDelegate.swift in Sources */,
				49F0AAD22139440C00633D9C /* String+SwiftableKey.swift in Sources */,
				4930C4402133327E00709D40 /* MainPresenter.swift in Sources */,
				4930C44B2133388500709D40 /* NSView+Style.swift in Sources */,
				4930C42021300F8000709D40 /* ViewTransitionAnimation.swift in Sources */,
				4930C4512133431200709D40 /* NSAttributedString+Style.swift in Sources */,
				49F0AACA2138473000633D9C /* String+Index.swift in Sources */,
				4930C4442133370A00709D40 /* NSView+Decorator.swift in Sources */,
				4930C41B21300F3A00709D40 /* BaseRouter.swift in Sources */,
				4930C42321300FC600709D40 /* BaseVC.swift in Sources */,
				4930C42A2130103400709D40 /* MainVC.swift in Sources */,
				4930C4422133329D00709D40 /* MainMvpView.swift in Sources */,
			);
			runOnlyForDeploymentPostprocessing = 0;
		};
		4930C40221300CAF00709D40 /* Sources */ = {
			isa = PBXSourcesBuildPhase;
			buildActionMask = 2147483647;
			files = (
				4930C40B21300CAF00709D40 /* SwiftModelGeneratorTests.swift in Sources */,
			);
			runOnlyForDeploymentPostprocessing = 0;
		};
/* End PBXSourcesBuildPhase section */

/* Begin PBXTargetDependency section */
		4930C40821300CAF00709D40 /* PBXTargetDependency */ = {
			isa = PBXTargetDependency;
			target = 4930C3F521300CAD00709D40 /* SwiftModelGenerator */;
			targetProxy = 4930C40721300CAF00709D40 /* PBXContainerItemProxy */;
		};
/* End PBXTargetDependency section */

/* Begin PBXVariantGroup section */
		4930C3FD21300CAF00709D40 /* MainMenu.xib */ = {
			isa = PBXVariantGroup;
			children = (
				4930C3FE21300CAF00709D40 /* Base */,
			);
			name = MainMenu.xib;
			sourceTree = "<group>";
		};
/* End PBXVariantGroup section */

/* Begin XCBuildConfiguration section */
		4930C40D21300CAF00709D40 /* Debug */ = {
			isa = XCBuildConfiguration;
			buildSettings = {
				ALWAYS_SEARCH_USER_PATHS = NO;
				CLANG_ANALYZER_NONNULL = YES;
				CLANG_ANALYZER_NUMBER_OBJECT_CONVERSION = YES_AGGRESSIVE;
				CLANG_CXX_LANGUAGE_STANDARD = "gnu++14";
				CLANG_CXX_LIBRARY = "libc++";
				CLANG_ENABLE_MODULES = YES;
				CLANG_ENABLE_OBJC_ARC = YES;
				CLANG_ENABLE_OBJC_WEAK = YES;
				CLANG_WARN_BLOCK_CAPTURE_AUTORELEASING = YES;
				CLANG_WARN_BOOL_CONVERSION = YES;
				CLANG_WARN_COMMA = YES;
				CLANG_WARN_CONSTANT_CONVERSION = YES;
				CLANG_WARN_DEPRECATED_OBJC_IMPLEMENTATIONS = YES;
				CLANG_WARN_DIRECT_OBJC_ISA_USAGE = YES_ERROR;
				CLANG_WARN_DOCUMENTATION_COMMENTS = YES;
				CLANG_WARN_EMPTY_BODY = YES;
				CLANG_WARN_ENUM_CONVERSION = YES;
				CLANG_WARN_INFINITE_RECURSION = YES;
				CLANG_WARN_INT_CONVERSION = YES;
				CLANG_WARN_NON_LITERAL_NULL_CONVERSION = YES;
				CLANG_WARN_OBJC_IMPLICIT_RETAIN_SELF = YES;
				CLANG_WARN_OBJC_LITERAL_CONVERSION = YES;
				CLANG_WARN_OBJC_ROOT_CLASS = YES_ERROR;
				CLANG_WARN_RANGE_LOOP_ANALYSIS = YES;
				CLANG_WARN_STRICT_PROTOTYPES = YES;
				CLANG_WARN_SUSPICIOUS_MOVE = YES;
				CLANG_WARN_UNGUARDED_AVAILABILITY = YES_AGGRESSIVE;
				CLANG_WARN_UNREACHABLE_CODE = YES;
				CLANG_WARN__DUPLICATE_METHOD_MATCH = YES;
				CODE_SIGN_IDENTITY = "Mac Developer";
				COPY_PHASE_STRIP = NO;
				DEBUG_INFORMATION_FORMAT = dwarf;
				ENABLE_STRICT_OBJC_MSGSEND = YES;
				ENABLE_TESTABILITY = YES;
				GCC_C_LANGUAGE_STANDARD = gnu11;
				GCC_DYNAMIC_NO_PIC = NO;
				GCC_NO_COMMON_BLOCKS = YES;
				GCC_OPTIMIZATION_LEVEL = 0;
				GCC_PREPROCESSOR_DEFINITIONS = (
					"DEBUG=1",
					"$(inherited)",
				);
				GCC_WARN_64_TO_32_BIT_CONVERSION = YES;
				GCC_WARN_ABOUT_RETURN_TYPE = YES_ERROR;
				GCC_WARN_UNDECLARED_SELECTOR = YES;
				GCC_WARN_UNINITIALIZED_AUTOS = YES_AGGRESSIVE;
				GCC_WARN_UNUSED_FUNCTION = YES;
				GCC_WARN_UNUSED_VARIABLE = YES;
				MACOSX_DEPLOYMENT_TARGET = 10.13;
				MTL_ENABLE_DEBUG_INFO = YES;
				ONLY_ACTIVE_ARCH = YES;
				SDKROOT = macosx;
				SWIFT_ACTIVE_COMPILATION_CONDITIONS = DEBUG;
				SWIFT_OPTIMIZATION_LEVEL = "-Onone";
			};
			name = Debug;
		};
		4930C40E21300CAF00709D40 /* Release */ = {
			isa = XCBuildConfiguration;
			buildSettings = {
				ALWAYS_SEARCH_USER_PATHS = NO;
				CLANG_ANALYZER_NONNULL = YES;
				CLANG_ANALYZER_NUMBER_OBJECT_CONVERSION = YES_AGGRESSIVE;
				CLANG_CXX_LANGUAGE_STANDARD = "gnu++14";
				CLANG_CXX_LIBRARY = "libc++";
				CLANG_ENABLE_MODULES = YES;
				CLANG_ENABLE_OBJC_ARC = YES;
				CLANG_ENABLE_OBJC_WEAK = YES;
				CLANG_WARN_BLOCK_CAPTURE_AUTORELEASING = YES;
				CLANG_WARN_BOOL_CONVERSION = YES;
				CLANG_WARN_COMMA = YES;
				CLANG_WARN_CONSTANT_CONVERSION = YES;
				CLANG_WARN_DEPRECATED_OBJC_IMPLEMENTATIONS = YES;
				CLANG_WARN_DIRECT_OBJC_ISA_USAGE = YES_ERROR;
				CLANG_WARN_DOCUMENTATION_COMMENTS = YES;
				CLANG_WARN_EMPTY_BODY = YES;
				CLANG_WARN_ENUM_CONVERSION = YES;
				CLANG_WARN_INFINITE_RECURSION = YES;
				CLANG_WARN_INT_CONVERSION = YES;
				CLANG_WARN_NON_LITERAL_NULL_CONVERSION = YES;
				CLANG_WARN_OBJC_IMPLICIT_RETAIN_SELF = YES;
				CLANG_WARN_OBJC_LITERAL_CONVERSION = YES;
				CLANG_WARN_OBJC_ROOT_CLASS = YES_ERROR;
				CLANG_WARN_RANGE_LOOP_ANALYSIS = YES;
				CLANG_WARN_STRICT_PROTOTYPES = YES;
				CLANG_WARN_SUSPICIOUS_MOVE = YES;
				CLANG_WARN_UNGUARDED_AVAILABILITY = YES_AGGRESSIVE;
				CLANG_WARN_UNREACHABLE_CODE = YES;
				CLANG_WARN__DUPLICATE_METHOD_MATCH = YES;
				CODE_SIGN_IDENTITY = "Mac Developer";
				COPY_PHASE_STRIP = NO;
				DEBUG_INFORMATION_FORMAT = "dwarf-with-dsym";
				ENABLE_NS_ASSERTIONS = NO;
				ENABLE_STRICT_OBJC_MSGSEND = YES;
				GCC_C_LANGUAGE_STANDARD = gnu11;
				GCC_NO_COMMON_BLOCKS = YES;
				GCC_WARN_64_TO_32_BIT_CONVERSION = YES;
				GCC_WARN_ABOUT_RETURN_TYPE = YES_ERROR;
				GCC_WARN_UNDECLARED_SELECTOR = YES;
				GCC_WARN_UNINITIALIZED_AUTOS = YES_AGGRESSIVE;
				GCC_WARN_UNUSED_FUNCTION = YES;
				GCC_WARN_UNUSED_VARIABLE = YES;
				MACOSX_DEPLOYMENT_TARGET = 10.13;
				MTL_ENABLE_DEBUG_INFO = NO;
				SDKROOT = macosx;
				SWIFT_COMPILATION_MODE = wholemodule;
				SWIFT_OPTIMIZATION_LEVEL = "-O";
			};
			name = Release;
		};
		4930C41021300CAF00709D40 /* Debug */ = {
			isa = XCBuildConfiguration;
			buildSettings = {
				ASSETCATALOG_COMPILER_APPICON_NAME = AppIcon;
				CODE_SIGN_ENTITLEMENTS = SwiftModelGenerator/app/SwiftModelGenerator.entitlements;
				CODE_SIGN_STYLE = Automatic;
				COMBINE_HIDPI_IMAGES = YES;
				DEVELOPMENT_TEAM = XP965TLDBX;
				INFOPLIST_FILE = SwiftModelGenerator/app/Info.plist;
				LD_RUNPATH_SEARCH_PATHS = (
					"$(inherited)",
					"@executable_path/../Frameworks",
				);
				PRODUCT_BUNDLE_IDENTIFIER = com.rodmytro.SwiftModelGenerator;
				PRODUCT_NAME = "$(TARGET_NAME)";
				SWIFT_VERSION = 4.0;
			};
			name = Debug;
		};
		4930C41121300CAF00709D40 /* Release */ = {
			isa = XCBuildConfiguration;
			buildSettings = {
				ASSETCATALOG_COMPILER_APPICON_NAME = AppIcon;
				CODE_SIGN_ENTITLEMENTS = SwiftModelGenerator/app/SwiftModelGenerator.entitlements;
				CODE_SIGN_STYLE = Automatic;
				COMBINE_HIDPI_IMAGES = YES;
				DEVELOPMENT_TEAM = XP965TLDBX;
				INFOPLIST_FILE = SwiftModelGenerator/app/Info.plist;
				LD_RUNPATH_SEARCH_PATHS = (
					"$(inherited)",
					"@executable_path/../Frameworks",
				);
				PRODUCT_BUNDLE_IDENTIFIER = com.rodmytro.SwiftModelGenerator;
				PRODUCT_NAME = "$(TARGET_NAME)";
				SWIFT_VERSION = 4.0;
			};
			name = Release;
		};
		4930C41321300CAF00709D40 /* Debug */ = {
			isa = XCBuildConfiguration;
			buildSettings = {
				ALWAYS_EMBED_SWIFT_STANDARD_LIBRARIES = YES;
				BUNDLE_LOADER = "$(TEST_HOST)";
				CODE_SIGN_STYLE = Automatic;
				COMBINE_HIDPI_IMAGES = YES;
				DEVELOPMENT_TEAM = XP965TLDBX;
				INFOPLIST_FILE = SwiftModelGeneratorTests/Info.plist;
				LD_RUNPATH_SEARCH_PATHS = (
					"$(inherited)",
					"@executable_path/../Frameworks",
					"@loader_path/../Frameworks",
				);
				PRODUCT_BUNDLE_IDENTIFIER = com.rodmytro.SwiftModelGeneratorTests;
				PRODUCT_NAME = "$(TARGET_NAME)";
				SWIFT_VERSION = 4.0;
				TEST_HOST = "$(BUILT_PRODUCTS_DIR)/SwiftModelGenerator.app/Contents/MacOS/SwiftModelGenerator";
			};
			name = Debug;
		};
		4930C41421300CAF00709D40 /* Release */ = {
			isa = XCBuildConfiguration;
			buildSettings = {
				ALWAYS_EMBED_SWIFT_STANDARD_LIBRARIES = YES;
				BUNDLE_LOADER = "$(TEST_HOST)";
				CODE_SIGN_STYLE = Automatic;
				COMBINE_HIDPI_IMAGES = YES;
				DEVELOPMENT_TEAM = XP965TLDBX;
				INFOPLIST_FILE = SwiftModelGeneratorTests/Info.plist;
				LD_RUNPATH_SEARCH_PATHS = (
					"$(inherited)",
					"@executable_path/../Frameworks",
					"@loader_path/../Frameworks",
				);
				PRODUCT_BUNDLE_IDENTIFIER = com.rodmytro.SwiftModelGeneratorTests;
				PRODUCT_NAME = "$(TARGET_NAME)";
				SWIFT_VERSION = 4.0;
				TEST_HOST = "$(BUILT_PRODUCTS_DIR)/SwiftModelGenerator.app/Contents/MacOS/SwiftModelGenerator";
			};
			name = Release;
		};
/* End XCBuildConfiguration section */

/* Begin XCConfigurationList section */
		4930C3F121300CAD00709D40 /* Build configuration list for PBXProject "SwiftModelGenerator" */ = {
			isa = XCConfigurationList;
			buildConfigurations = (
				4930C40D21300CAF00709D40 /* Debug */,
				4930C40E21300CAF00709D40 /* Release */,
			);
			defaultConfigurationIsVisible = 0;
			defaultConfigurationName = Release;
		};
		4930C40F21300CAF00709D40 /* Build configuration list for PBXNativeTarget "SwiftModelGenerator" */ = {
			isa = XCConfigurationList;
			buildConfigurations = (
				4930C41021300CAF00709D40 /* Debug */,
				4930C41121300CAF00709D40 /* Release */,
			);
			defaultConfigurationIsVisible = 0;
			defaultConfigurationName = Release;
		};
		4930C41221300CAF00709D40 /* Build configuration list for PBXNativeTarget "SwiftModelGeneratorTests" */ = {
			isa = XCConfigurationList;
			buildConfigurations = (
				4930C41321300CAF00709D40 /* Debug */,
				4930C41421300CAF00709D40 /* Release */,
			);
			defaultConfigurationIsVisible = 0;
			defaultConfigurationName = Release;
		};
/* End XCConfigurationList section */
	};
	rootObject = 4930C3EE21300CAD00709D40 /* Project object */;
}
